# This file was autogenerated by uv via the following command:
#    uv pip compile --output-file requirements.lock pyproject.toml
asgiref==3.8.1
    # via
    #   zaza-interior-website (pyproject.toml)
    #   django
certifi==2025.4.26
    # via
    #   zaza-interior-website (pyproject.toml)
    #   requests
chardet==5.2.0
    # via
    #   zaza-interior-website (pyproject.toml)
    #   reportlab
charset-normalizer==3.4.2
    # via
    #   zaza-interior-website (pyproject.toml)
    #   requests
cssselect2==0.8.0
    # via
    #   zaza-interior-website (pyproject.toml)
    #   svglib
diff-match-patch==20241021
    # via
    #   zaza-interior-website (pyproject.toml)
    #   django-import-export
django==5.2.1
    # via
    #   zaza-interior-website (pyproject.toml)
    #   django-filer
    #   django-import-export
    #   django-polymorphic
    #   django-recaptcha
    #   easy-thumbnails
django-filer==3.3.1
    # via zaza-interior-website (pyproject.toml)
django-import-export==4.3.7
    # via zaza-interior-website (pyproject.toml)
django-polymorphic==3.1.0
    # via
    #   zaza-interior-website (pyproject.toml)
    #   django-filer
django-recaptcha==4.1.0
    # via zaza-interior-website (pyproject.toml)
easy-thumbnails==2.10
    # via
    #   zaza-interior-website (pyproject.toml)
    #   django-filer
et-xmlfile==2.0.0
    # via
    #   zaza-interior-website (pyproject.toml)
    #   openpyxl
gunicorn==23.0.0
    # via zaza-interior-website (pyproject.toml)
idna==3.10
    # via
    #   zaza-interior-website (pyproject.toml)
    #   requests
lxml==5.4.0
    # via
    #   zaza-interior-website (pyproject.toml)
    #   svglib
openpyxl==3.1.5
    # via zaza-interior-website (pyproject.toml)
packaging==25.0
    # via
    #   zaza-interior-website (pyproject.toml)
    #   gunicorn
pillow==11.2.1
    # via
    #   zaza-interior-website (pyproject.toml)
    #   easy-thumbnails
    #   reportlab
pip==25.1.1
    # via zaza-interior-website (pyproject.toml)
python-decouple==3.8
    # via zaza-interior-website (pyproject.toml)
reportlab==4.4.0
    # via
    #   zaza-interior-website (pyproject.toml)
    #   easy-thumbnails
    #   svglib
requests==2.32.3
    # via zaza-interior-website (pyproject.toml)
setuptools==80.3.1
    # via zaza-interior-website (pyproject.toml)
sqlparse==0.5.3
    # via
    #   zaza-interior-website (pyproject.toml)
    #   django
svglib==1.5.1
    # via
    #   zaza-interior-website (pyproject.toml)
    #   easy-thumbnails
tablib==3.8.0
    # via
    #   zaza-interior-website (pyproject.toml)
    #   django-import-export
tinycss2==1.4.0
    # via
    #   zaza-interior-website (pyproject.toml)
    #   cssselect2
    #   svglib
tzdata==2025.2
    # via zaza-interior-website (pyproject.toml)
urllib3==2.4.0
    # via
    #   zaza-interior-website (pyproject.toml)
    #   requests
webencodings==0.5.1
    # via
    #   zaza-interior-website (pyproject.toml)
    #   cssselect2
    #   tinycss2
wheel==0.45.1
    # via zaza-interior-website (pyproject.toml)
