# This file was autogenerated by uv via the following command:
#    uv pip compile --output-file requirements.lock pyproject.toml
asgiref==3.11.0
    # via
    #   zaza-interior-website (pyproject.toml)
    #   django
certifi==2025.11.12
    # via
    #   zaza-interior-website (pyproject.toml)
    #   requests
chardet==5.2.0
    # via zaza-interior-website (pyproject.toml)
charset-normalizer==3.4.4
    # via
    #   zaza-interior-website (pyproject.toml)
    #   reportlab
    #   requests
cssselect2==0.8.0
    # via
    #   zaza-interior-website (pyproject.toml)
    #   svglib
diff-match-patch==20241021
    # via
    #   zaza-interior-website (pyproject.toml)
    #   django-import-export
django==6.0
    # via
    #   zaza-interior-website (pyproject.toml)
    #   django-filer
    #   django-import-export
    #   django-polymorphic
    #   django-recaptcha
    #   easy-thumbnails
django-filer==3.4.1
    # via zaza-interior-website (pyproject.toml)
django-import-export==4.3.14
    # via zaza-interior-website (pyproject.toml)
django-polymorphic==4.5.2
    # via
    #   zaza-interior-website (pyproject.toml)
    #   django-filer
django-recaptcha==4.1.0
    # via zaza-interior-website (pyproject.toml)
easy-thumbnails==2.10.1
    # via
    #   zaza-interior-website (pyproject.toml)
    #   django-filer
et-xmlfile==2.0.0
    # via
    #   zaza-interior-website (pyproject.toml)
    #   openpyxl
gunicorn==23.0.0
    # via zaza-interior-website (pyproject.toml)
idna==3.11
    # via
    #   zaza-interior-website (pyproject.toml)
    #   requests
lxml==6.0.2
    # via
    #   zaza-interior-website (pyproject.toml)
    #   svglib
openpyxl==3.1.5
    # via zaza-interior-website (pyproject.toml)
packaging==25.0
    # via
    #   zaza-interior-website (pyproject.toml)
    #   gunicorn
pillow==12.1.0
    # via
    #   zaza-interior-website (pyproject.toml)
    #   easy-thumbnails
    #   reportlab
pip==25.3
    # via zaza-interior-website (pyproject.toml)
python-decouple==3.8
    # via zaza-interior-website (pyproject.toml)
reportlab==4.4.7
    # via
    #   zaza-interior-website (pyproject.toml)
    #   easy-thumbnails
    #   svglib
requests==2.32.5
    # via zaza-interior-website (pyproject.toml)
setuptools==80.9.0
    # via zaza-interior-website (pyproject.toml)
sqlparse==0.5.5
    # via
    #   zaza-interior-website (pyproject.toml)
    #   django
svglib==1.5.1
    # via
    #   zaza-interior-website (pyproject.toml)
    #   django-filer
    #   easy-thumbnails
tablib==3.9.0
    # via
    #   zaza-interior-website (pyproject.toml)
    #   django-import-export
tinycss2==1.5.1
    # via
    #   zaza-interior-website (pyproject.toml)
    #   cssselect2
    #   svglib
tzdata==2025.3
    # via zaza-interior-website (pyproject.toml)
urllib3==2.6.2
    # via
    #   zaza-interior-website (pyproject.toml)
    #   requests
webencodings==0.5.1
    # via
    #   zaza-interior-website (pyproject.toml)
    #   cssselect2
    #   tinycss2
wheel==0.45.1
    # via zaza-interior-website (pyproject.toml)
